{
	"name": "@spmeesseman/test-utils",
	"version": "0.0.1",
	"lockfileVersion": 2,
	"requires": true,
	"packages": {
		"": {
			"name": "@spmeesseman/test-utils",
			"version": "0.0.1",
			"license": "MIT",
			"devDependencies": {
				"@types/chai": "^4.3.4",
				"@types/mocha": "^9.1.0",
				"@types/node": "^16.18.34"
			}
		},
		"node_modules/@types/chai": {
			"version": "4.3.4",
			"resolved": "https://registry.npmjs.org/@types/chai/-/chai-4.3.4.tgz",
			"integrity": "sha512-KnRanxnpfpjUTqTCXslZSEdLfXExwgNxYPdiO2WGUj8+HDjFi8R3k5RVKPeSCzLjCcshCAtVO2QBbVuAV4kTnw==",
			"dev": true
		},
		"node_modules/@types/mocha": {
			"version": "9.1.0",
			"resolved": "https://registry.npmjs.org/@types/mocha/-/mocha-9.1.0.tgz",
			"integrity": "sha512-QCWHkbMv4Y5U9oW10Uxbr45qMMSzl4OzijsozynUAgx3kEHUdXB00udx2dWDQ7f2TU2a2uuiFaRZjCe3unPpeg==",
			"dev": true
		},
		"node_modules/@types/node": {
			"version": "16.18.34",
			"resolved": "https://registry.npmjs.org/@types/node/-/node-16.18.34.tgz",
			"integrity": "sha512-VmVm7gXwhkUimRfBwVI1CHhwp86jDWR04B5FGebMMyxV90SlCmFujwUHrxTD4oO+SOYU86SoxvhgeRQJY7iXFg==",
			"dev": true
		}
	},
	"dependencies": {
		"@types/chai": {
			"version": "4.3.4",
			"resolved": "https://registry.npmjs.org/@types/chai/-/chai-4.3.4.tgz",
			"integrity": "sha512-KnRanxnpfpjUTqTCXslZSEdLfXExwgNxYPdiO2WGUj8+HDjFi8R3k5RVKPeSCzLjCcshCAtVO2QBbVuAV4kTnw==",
			"dev": true
		},
		"@types/mocha": {
			"version": "9.1.0",
			"resolved": "https://registry.npmjs.org/@types/mocha/-/mocha-9.1.0.tgz",
			"integrity": "sha512-QCWHkbMv4Y5U9oW10Uxbr45qMMSzl4OzijsozynUAgx3kEHUdXB00udx2dWDQ7f2TU2a2uuiFaRZjCe3unPpeg==",
			"dev": true
		},
		"@types/node": {
			"version": "16.18.34",
			"resolved": "https://registry.npmjs.org/@types/node/-/node-16.18.34.tgz",
			"integrity": "sha512-VmVm7gXwhkUimRfBwVI1CHhwp86jDWR04B5FGebMMyxV90SlCmFujwUHrxTD4oO+SOYU86SoxvhgeRQJY7iXFg==",
			"dev": true
		}
	}
}
