{
	"name": "@spmeesseman/test-utils",
	"version": "0.0.1",
	"lockfileVersion": 2,
	"requires": true,
	"packages": {
		"": {
			"name": "@spmeesseman/test-utils",
			"version": "0.0.1",
			"license": "MIT",
			"devDependencies": {
				"@types/node": "^16.18.34"
			}
		},
		"node_modules/@types/node": {
			"version": "16.18.34",
			"resolved": "https://registry.npmjs.org/@types/node/-/node-16.18.34.tgz",
			"integrity": "sha512-VmVm7gXwhkUimRfBwVI1CHhwp86jDWR04B5FGebMMyxV90SlCmFujwUHrxTD4oO+SOYU86SoxvhgeRQJY7iXFg==",
			"dev": true
		}
	},
	"dependencies": {
		"@types/node": {
			"version": "16.18.34",
			"resolved": "https://registry.npmjs.org/@types/node/-/node-16.18.34.tgz",
			"integrity": "sha512-VmVm7gXwhkUimRfBwVI1CHhwp86jDWR04B5FGebMMyxV90SlCmFujwUHrxTD4oO+SOYU86SoxvhgeRQJY7iXFg==",
			"dev": true
		}
	}
}
